github.com/bifurcation/mint v0.0.0-20190129141059-83ba9bc2ead9 h1:cJwkHhcmnrWFPCg8eUPm7JJCnhnF93lFUe2ukQnXvJ4=
github.com/bifurcation/mint v0.0.0-20190129141059-83ba9bc2ead9/go.mod h1:zVt7zX3K/aDCk9Tj+VM7YymsX66ERvzCJzw8rFCX2JU=
github.com/cheekybits/genny v1.0.0 h1:uGGa4nei+j20rOSeDeP5Of12XVm7TGUd4dJA9RDitfE=
github.com/cheekybits/genny v1.0.0/go.mod h1:+tQajlRqAUrPI7DOSpB0XAqZYtQakVtB7wXkRAgjxjQ=
github.com/fsnotify/fsnotify v1.4.7/go.mod h1:jwhsz4b93w/PPRr/qN1Yymfu8t87LnFCMoQvtojpjFo=
github.com/golang/mock v1.2.0/go.mod h1:oTYuIxOrZwtPieC+H1uAHpcLFnEyAGVDL/k47Jfbm0A=
github.com/golang/protobuf v1.2.0/go.mod h1:6lQm79b+lXiMfvg/cZm0SGofjICqVBUtrP5yJMmIC1U=
github.com/hashicorp/golang-lru v0.5.1 h1:0hERBMJE1eitiLkihrMvRVBYAkpHzc/J3QdDN+dAcgU=
github.com/hashicorp/golang-lru v0.5.1/go.mod h1:/m3WP610KZHVQ1SGc6re/UDhFvYD7pJ4Ao+sR/qLZy8=
github.com/hpcloud/tail v1.0.0/go.mod h1:ab1qPbhIpdTxEkNHXyeSf5vhxWSCs/tWer42PpOxQnU=
github.com/labstack/echo v3.3.10+incompatible h1:pGRcYk231ExFAyoAjAfD85kQzRJCRI8bbnE7CX5OEgg=
github.com/labstack/echo v3.3.10+incompatible/go.mod h1:0INS7j/VjnFxD4E2wkz67b8cVwCLbBmJyDaka6Cmk1s=
github.com/labstack/gommon v0.2.8 h1:JvRqmeZcfrHC5u6uVleB4NxxNbzx6gpbJiQknDbKQu0=
github.com/labstack/gommon v0.2.8/go.mod h1:/tj9csK2iPSBvn+3NLM9e52usepMtrd5ilFYA+wQNJ4=
github.com/lucas-clemente/aes12 v0.0.0-20171027163421-cd47fb39b79f h1:sSeNEkJrs+0F9TUau0CgWTTNEwF23HST3Eq0A+QIx+A=
github.com/lucas-clemente/aes12 v0.0.0-20171027163421-cd47fb39b79f/go.mod h1:JpH9J1c9oX6otFSgdUHwUBUizmKlrMjxWnIAjff4m04=
github.com/lucas-clemente/quic-go v0.7.1-0.20190227072637-1e796fed4fae h1:ekk3MtfZkQNhUwdoEtwyoPe36IaQHm3waPb0rjnffuM=
github.com/lucas-clemente/quic-go v0.7.1-0.20190227072637-1e796fed4fae/go.mod h1:wuD+2XqEx8G9jtwx5ou2BEYBsE+whgQmlj0Vz/77PrY=
github.com/lucas-clemente/quic-go v0.7.1-0.20190301012327-c00eb1f5b55d h1:WAKC0aNpX8cR67Y+6mLcXNqJbVFzbWZYX+vPKF9raYQ=
github.com/lucas-clemente/quic-go v0.7.1-0.20190301012327-c00eb1f5b55d/go.mod h1:wqgEwNabzILOyzAs43XE5ggEPN5I5ho57+5au5MpJIg=
github.com/lucas-clemente/quic-go v0.10.1 h1:ipcMmYP9RT+b1YytOKGUY1qndxPGOczVEQkAVz3CZrs=
github.com/lucas-clemente/quic-go v0.10.1/go.mod h1:wuD+2XqEx8G9jtwx5ou2BEYBsE+whgQmlj0Vz/77PrY=
github.com/lucas-clemente/quic-go-certificates v0.0.0-20160823095156-d2f86524cced h1:zqEC1GJZFbGZA0tRyNZqRjep92K5fujFtFsu5ZW7Aug=
github.com/lucas-clemente/quic-go-certificates v0.0.0-20160823095156-d2f86524cced/go.mod h1:NCcRLrOTZbzhZvixZLlERbJtDtYsmMw8Jc4vS8Z0g58=
github.com/marten-seemann/qtls v0.1.0 h1:rU4tM4KsiR4uEL15U7roq5B6IzFJyQdP6po0tCN08mE=
github.com/marten-seemann/qtls v0.1.0/go.mod h1:F6kuCIZ1zxAmETSSJGN/5VENU7NZBXg9zqnA6dYZrgA=
github.com/mattn/go-colorable v0.1.1 h1:G1f5SKeVxmagw/IyvzvtZE4Gybcc4Tr1tf7I8z0XgOg=
github.com/mattn/go-colorable v0.1.1/go.mod h1:FuOcm+DKB9mbwrcAfNl7/TZVBZ6rcnceauSikq3lYCQ=
github.com/mattn/go-isatty v0.0.5/go.mod h1:Iq45c/XA43vh69/j3iqttzPXn0bhXyGjM0Hdxcsrc5s=
github.com/mattn/go-isatty v0.0.6 h1:SrwhHcpV4nWrMGdNcC2kXpMfcBVYGDuTArqyhocJgvA=
github.com/mattn/go-isatty v0.0.6/go.mod h1:Iq45c/XA43vh69/j3iqttzPXn0bhXyGjM0Hdxcsrc5s=
github.com/onsi/ginkgo v1.6.0/go.mod h1:lLunBs/Ym6LB5Z9jYTR76FiuTmxDTDusOGeTQH+WWjE=
github.com/onsi/ginkgo v1.7.0/go.mod h1:lLunBs/Ym6LB5Z9jYTR76FiuTmxDTDusOGeTQH+WWjE=
github.com/onsi/gomega v1.4.3/go.mod h1:ex+gbHU/CVuBBDIJjb2X0qEXbFg53c61hWP/1CpauHY=
github.com/valyala/bytebufferpool v1.0.0 h1:GqA5TC/0021Y/b9FG4Oi9Mr3q7XYx6KllzawFIhcdPw=
github.com/valyala/bytebufferpool v1.0.0/go.mod h1:6bBcMArwyJ5K/AmCkWv1jt77kVWyCJ6HpOuEn7z0Csc=
github.com/valyala/fasttemplate v0.0.0-20170224212429-dcecefd839c4 h1:gKMu1Bf6QINDnvyZuTaACm9ofY+PRh+5vFz4oxBZeF8=
github.com/valyala/fasttemplate v0.0.0-20170224212429-dcecefd839c4/go.mod h1:50wTf68f99/Zt14pr046Tgt3Lp2vLyFZKzbFXTOabXw=
golang.org/x/crypto v0.0.0-20190225124518-7f87c0fbb88b/go.mod h1:6SG95UA2DQfeDnfUPMdvaQW0Q7yPrPDi9nlGo2tz2b4=
golang.org/x/crypto v0.0.0-20190227175134-215aa809caaf h1:CGelmUfSfeZpx2Pu+OznGcS0ff71WZ/ZOEkhMAB4hVQ=
golang.org/x/crypto v0.0.0-20190227175134-215aa809caaf/go.mod h1:djNgcEr1/C05ACkg1iLfiJU5Ep61QUkGW8qpdssI0+w=
golang.org/x/net v0.0.0-20180906233101-161cd47e91fd/go.mod h1:mL1N/T3taQHkDXs73rZJwtUhF3w3ftmwwsq0BUmARs4=
golang.org/x/net v0.0.0-20190227160552-c95aed5357e7 h1:C2F/nMkR/9sfUTpvR3QrjBuTdvMUC/cFajkphs1YLQo=
golang.org/x/net v0.0.0-20190227160552-c95aed5357e7/go.mod h1:mL1N/T3taQHkDXs73rZJwtUhF3w3ftmwwsq0BUmARs4=
golang.org/x/sync v0.0.0-20180314180146-1d60e4601c6f/go.mod h1:RxMgew5VJxzue5/jJTE5uejpjVlOe/izrB70Jof72aM=
golang.org/x/sys v0.0.0-20180909124046-d0be0721c37e/go.mod h1:STP8DvDyc/dI5b8T5hshtkjS+E42TnysNCUPdjciGhY=
golang.org/x/sys v0.0.0-20190215142949-d0b11bdaac8a/go.mod h1:STP8DvDyc/dI5b8T5hshtkjS+E42TnysNCUPdjciGhY=
golang.org/x/sys v0.0.0-20190222072716-a9d3bda3a223 h1:DH4skfRX4EBpamg7iV4ZlCpblAHI6s6TDM39bFZumv8=
golang.org/x/sys v0.0.0-20190222072716-a9d3bda3a223/go.mod h1:STP8DvDyc/dI5b8T5hshtkjS+E42TnysNCUPdjciGhY=
golang.org/x/sys v0.0.0-20190226215855-775f8194d0f9 h1:N26gncmS+iqc/W/SKhX3ElI5pkt72XYoRLgi5Z70LSc=
golang.org/x/sys v0.0.0-20190226215855-775f8194d0f9/go.mod h1:STP8DvDyc/dI5b8T5hshtkjS+E42TnysNCUPdjciGhY=
golang.org/x/text v0.3.0 h1:g61tztE5qeGQ89tm6NTjjM9VPIm088od1l6aSorWRWg=
golang.org/x/text v0.3.0/go.mod h1:NqM8EUOU14njkJ3fqMW+pc6Ldnwhi/IjpwHt7yyuwOQ=
gopkg.in/check.v1 v0.0.0-20161208181325-20d25e280405/go.mod h1:Co6ibVJAznAaIkqp8huTwlJQCZ016jof/cbN4VW5Yz0=
gopkg.in/fsnotify.v1 v1.4.7/go.mod h1:Tz8NjZHkW78fSQdbUxIjBTcgA1z1m8ZHf0WmKUhAMys=
gopkg.in/tomb.v1 v1.0.0-20141024135613-dd632973f1e7/go.mod h1:dt/ZhP58zS4L8KSrWDmTeBkI65Dw0HsyUHuEVlX15mw=
gopkg.in/yaml.v2 v2.2.1/go.mod h1:hI93XBmqTisBFMUTm0b8Fm+jr3Dg1NNxqwp+5A1VGuI=
